{
    "_meta": {
        "hash": {
            "sha256": "3fdd3adb1ef3bea7358a01f2e4d3da7467a25b9a18ab79b3b0fc67a13cf19717"
        },
        "pipfile-spec": 6,
        "requires": {
            "python_version": "3.6"
        },
        "sources": [
            {
                "name": "pypi",
                "url": "https://pypi.org/simple",
                "verify_ssl": true
            }
        ]
    },
    "default": {
        "aiohttp": {
            "hashes": [
                "sha256:01161311f77707afce8ccb0a080cbd56a5732bccb4e973fdf544563f462c6428",
                "sha256:0459dcd38524e1b44d0b5996c6439c4cfb23edf5fda1c3b5dfcefb70a41285b4",
                "sha256:0b0aa0afc1cb3b1fd2157ccb5febab62229098bc06ac4df95c2ffb4fb60b7517",
                "sha256:234f599c2b1ae93cdc04afa01921c7113c9127d2ead5480fccdea0895c6429ac",
                "sha256:2c64f306715036a49eb1562c44fe15777a8c579df84f30541c063e17be52fce3",
                "sha256:2dc9fa373e7c0a61abbeec1faadd627db47905f88a340519c656c174591ae9bb",
                "sha256:4c9ba24519b13baef1e3bd3e07ae3dad1e13d701e28985100d41ae3a8a4ed4f3",
                "sha256:52795004b2fcc286410f781bf3511bb0b97612c2fbef0db6fa0d944ddd7dc704",
                "sha256:6a961d52715aa0d4ee57e28d5ed7f53030307db3439c80a5c276b65dbf5435f8",
                "sha256:7735951a4ca36afcf5f2c7c1630cd4be2736271bd48675136a9e965c321a8cfc",
                "sha256:83c9cfb741fd79a389042dd63a0f11d89011a2264bb3c87a34cea4abcb5c8e1d",
                "sha256:8c5d494085a4a5e5de2fd75c779e892ecb4f717650f1f911740af5883c589756",
                "sha256:99f96c71c8748624841e4f12d049c308e7f7ff445538f17e9ba9c0e7643a737b",
                "sha256:9cd8fcd3769cd82aecaddd2d293c393669c34a47d00800ad2eb14d68770492b9",
                "sha256:9fce987470dcb9f64c44c8fc7ebd35915e2140e655aa8e6ce14d5aa24b581600",
                "sha256:c168df3e63df99ce3de7b2369fe25061c18afdbdd743e50cc74e26ece423bc65",
                "sha256:d461faffa480c290ffaf0c13c1f48b25d1d67fc8d680062bda0d0d8da8d93d66",
                "sha256:dcfc470f07b7ca161d091ddeeef6a3ffc72bf9120e23812c15fe0d502a32e3c2",
                "sha256:e94691f28fe78f61d4802e2ab4c39a15fa1da573c3add307c323a8c7471d19e9",
                "sha256:ebf5f947c5cbb4407ab8d614b456dc8d3d600cb5470b9dfd97ca1d0969448c83",
                "sha256:fb2ba3ca698ce85d251d111c19af8c1fb1f8d7c74d4839bbbde4e078f1b8df2b",
                "sha256:fb2cd4b2d214be4854c641c7a4360ecc81c11c2f0ebc8b9eafd34c5e6aab28f2"
            ],
            "index": "pypi",
            "version": "==3.5.0b3"
        },
        "aiopg": {
            "hashes": [
                "sha256:2fa57bee0b7b8422408a79de085c3423e0b0633be3a0046b66a53594bf69a837",
                "sha256:509d4a1ad9fa1af5dca6d547b759a8cbcfd70d6cedd0737cb3ff4ccfec812ea2"
            ],
            "index": "pypi",
            "version": "==0.15.0"
        },
        "aioredis": {
            "hashes": [
                "sha256:84d62be729beb87118cf126c20b0e3f52d7a42bb7373dc5bcdd874f26f1f251a",
                "sha256:aee16aa5cb3f636cf8fa0e2b62d2f6abc90366e19b5c30e94a5471d834a55975"
            ],
            "index": "pypi",
            "version": "==1.2.0"
        },
        "async-timeout": {
            "hashes": [
                "sha256:0c3c816a028d47f659d6ff5c745cb2acf1f966da1fe5c19c77a70282b25f4c5f",
                "sha256:4291ca197d287d274d0b6cb5d6f8f8f82d434ed288f962539ff18cc9012f9ea3"
            ],
            "version": "==3.0.1"
        },
        "attrs": {
            "hashes": [
                "sha256:10cbf6e27dbce8c30807caf056c8eb50917e0eaafe86347671b57254006c3e69",
                "sha256:ca4be454458f9dec299268d472aaa5a11f67a4ff70093396e1ceae9c76cf4bbb"
            ],
            "version": "==18.2.0"
        },
        "avatar": {
            "git": "https://github.com/lsdlab/avatar-gen.git",
            "ref": "eb6e78d962588a9f438146cd737b792497ad91a9"
        },
        "certifi": {
            "hashes": [
                "sha256:47f9c83ef4c0c621eaef743f133f09fa8a74a9b75f037e8624f83bd1b6626cb7",
                "sha256:993f830721089fef441cdfeb4b2c8c9df86f0c63239f06bd025a76a7daddb033"
            ],
            "version": "==2018.11.29"
        },
        "chardet": {
            "hashes": [
                "sha256:84ab92ed1c4d4f16916e05906b6b75a6c0fb5db821cc65e70cbd64a3e2a5eaae",
                "sha256:fc323ffcaeaed0e0a02bf4d117757b98aed530d9ed4531e3e15460124c106691"
            ],
            "version": "==3.0.4"
        },
        "colorama": {
            "hashes": [
                "sha256:05eed71e2e327246ad6b38c540c4a3117230b19679b875190486ddd2d721422d",
                "sha256:f8ac84de7840f5b9c4e3347b3c1eaa50f7e49c2b07596221daec5edaabbd7c48"
            ],
            "version": "==0.4.1"
        },
        "coloredlogs": {
            "hashes": [
                "sha256:34fad2e342d5a559c31b6c889e8d14f97cb62c47d9a2ae7b5ed14ea10a79eff8",
                "sha256:b869a2dda3fa88154b9dd850e27828d8755bfab5a838a1c97fbc850c6e377c36"
            ],
            "index": "pypi",
            "version": "==10.0"
        },
        "decorator": {
            "hashes": [
                "sha256:2c51dff8ef3c447388fe5e4453d24a2bf128d3a4c32af3fabef1f01c6851ab82",
                "sha256:c39efa13fbdeb4506c476c9b3babf6a718da943dab7811c206005a4a956c080c"
            ],
            "version": "==4.3.0"
        },
        "hashids": {
            "hashes": [
                "sha256:6539b892a426e75747a9c0ad69409e9566f9c21b79310fc3424b5b6726f28da6"
            ],
            "index": "pypi",
            "version": "==1.2.0"
        },
        "hiredis": {
            "hashes": [
                "sha256:0c8cff472d579434c667e4c8243efe1a7f598b1f616f08d12c06770f8e4171c0",
                "sha256:3342935cace1000d4a1cb49b4a54c17809ce25f079c32cafb99b9c02c5cca454",
                "sha256:36f2f8bd9359845c3dcbfcb0a34eaaf701f11f2a3ee37c44c4661fc7c18c7d7e",
                "sha256:40450a48b5345d6e25809c6394f49be9b807c153420d3a8a0e37b73909858cb6",
                "sha256:4646f90cdc016741a713867bd13b1d3d58f65375a587aff99eefaca52aa23965",
                "sha256:4b18eee6cece99e7fe9cf92f684b75f1ed9bac0441d790be9109b20fc40ba38e",
                "sha256:56ca28661eed77ce3452b7df3e67d5edb4e4c9f980d332717b729386182d9d4d",
                "sha256:605ed6fe5fcbb118fc10d76d8032026992fbb13f4f2bed5905d6ddcf6e5b0136",
                "sha256:61a96b60445ee411388770053298b711a7710db5f550f809820906f119b5612b",
                "sha256:66b7d3ba7b960768a119ec1c038a47f3a2cb3b4a7c633a9f1101df519ecb3c6f",
                "sha256:6df9b91d326174c68e43fe34e2603260d83d7faacee92a4ccfbbcbd599e5c4e4",
                "sha256:75baa5798f72fafe471d12eb3b0de8b6c9fdcef74d446c30442224dfa77c6a54",
                "sha256:7b8dd1f19f3ce2f542383d195db936722d57b76adc03c749e7a06f2ffc89e6d6",
                "sha256:7cad0f0fe9dd195e59b893808a6c53b77200eebce11165bc04c40a1d8bae4792",
                "sha256:8193f0507f992d5c245f12e6c91b87ee748c7f2fe5ba9a90c0b365287e56a118",
                "sha256:84095ea3688c9a35f24301ac6eb65fd9c4611f3fc578c312f9f5af3b7085b257",
                "sha256:a30c3589bf244ea34cc69cc945f169983dc8b7cd2ccec1da5edfb04eda25656c",
                "sha256:a919f7a8c7090d9c801722fd0f9bb8ff2df19152c06bde5aa26b0d38d5d9601a",
                "sha256:c63ffba61d2640ec475a35bb267d705b138c9c08ec2050c4c93abe6b547b18b6",
                "sha256:cc0bd82e25856764ea3d5f1b362783fadd44ef1b4ed99d04ca34fcefdaf9fc11",
                "sha256:cf6dfc793db12c51e4e149b35cbdd2453768123ede0c0f29eadb4cbf214645a2",
                "sha256:cfb5eebdac36a53f7c71e3e46f9369105c41ab5ffa2421adab148f2e5c0c7ebf",
                "sha256:d38e4f8381836c3b41454a26d92de58b41558c46a31ccb1e7e24b74a9afff2c1",
                "sha256:dc38a6067c22a1904d5ebfb241ae0ecf408f09f5018a56af1b1cf22fedb3a948",
                "sha256:e3660251762c769b2dc94ef2d516225763914089d3f90757cfbd500b896498ef",
                "sha256:e9adb17b3aac52d178e603a8f53051db2016e9a9520c56129ec350960c6423b7",
                "sha256:f4c8855c11dcb626dffdf7ba305d8d863c0d4bfa95315ab7559be7d0d6899932",
                "sha256:fbffc823f2ab5a39c3eb95728a0a111c90fcb36108b33b28ca9969c478eca137"
            ],
            "version": "==0.3.0"
        },
        "huey": {
            "hashes": [
                "sha256:c0ead41821462e111873102075addaa4d7040fbda52db8834c4302207758d5e2"
            ],
            "index": "pypi",
            "version": "==1.10.5"
        },
        "humanfriendly": {
            "hashes": [
                "sha256:1d3a1c157602801c62dfdb321760229df2e0d4f14412a0f41b13ad3f930a936a",
                "sha256:42d0aa829f59c710db20ec42eed24a8b7a27688d477da61b5aebd604d0bb2402"
            ],
            "version": "==4.17"
        },
        "idna": {
            "hashes": [
                "sha256:c357b3f628cf53ae2c4c05627ecc484553142ca23264e593d327bcde5e9c3407",
                "sha256:ea8b7f6188e6fa117537c3df7da9fc686d485087abf6ac197f9c46432f7e4a3c"
            ],
            "version": "==2.8"
        },
        "idna-ssl": {
            "hashes": [
                "sha256:a933e3bb13da54383f9e8f35dc4f9cb9eb9b3b78c6b36f311254d6d0d92c6c7c"
            ],
            "markers": "python_version < '3.7'",
            "version": "==1.1.0"
        },
        "imageio": {
            "hashes": [
                "sha256:16b8077bc8a5fa7a58b3e744f7ecbb156d8c088132df31e0f4f546c98de3514a"
            ],
            "version": "==2.4.1"
        },
        "itsdangerous": {
            "hashes": [
                "sha256:321b033d07f2a4136d3ec762eac9f16a10ccd60f53c0c91af90217ace7ba1f19",
                "sha256:b12271b2047cb23eeb98c8b5622e2e5c5e9abd9784a153e9d8ef9cb4dd09d749"
            ],
            "index": "pypi",
            "version": "==1.1.0"
        },
        "moviepy": {
            "hashes": [
                "sha256:536ea61c2c7d276ee65daf2da8a1d2e34bbafd524d6e8a20fde38ce9bfbd2dcb"
            ],
            "index": "pypi",
            "version": "==0.2.3.5"
        },
        "multidict": {
            "hashes": [
                "sha256:024b8129695a952ebd93373e45b5d341dbb87c17ce49637b34000093f243dd4f",
                "sha256:041e9442b11409be5e4fc8b6a97e4bcead758ab1e11768d1e69160bdde18acc3",
                "sha256:045b4dd0e5f6121e6f314d81759abd2c257db4634260abcfe0d3f7083c4908ef",
                "sha256:047c0a04e382ef8bd74b0de01407e8d8632d7d1b4db6f2561106af812a68741b",
                "sha256:068167c2d7bbeebd359665ac4fff756be5ffac9cda02375b5c5a7c4777038e73",
                "sha256:148ff60e0fffa2f5fad2eb25aae7bef23d8f3b8bdaf947a65cdbe84a978092bc",
                "sha256:1d1c77013a259971a72ddaa83b9f42c80a93ff12df6a4723be99d858fa30bee3",
                "sha256:1d48bc124a6b7a55006d97917f695effa9725d05abe8ee78fd60d6588b8344cd",
                "sha256:31dfa2fc323097f8ad7acd41aa38d7c614dd1960ac6681745b6da124093dc351",
                "sha256:34f82db7f80c49f38b032c5abb605c458bac997a6c3142e0d6c130be6fb2b941",
                "sha256:3d5dd8e5998fb4ace04789d1d008e2bb532de501218519d70bb672c4c5a2fc5d",
                "sha256:4a6ae52bd3ee41ee0f3acf4c60ceb3f44e0e3bc52ab7da1c2b2aa6703363a3d1",
                "sha256:4b02a3b2a2f01d0490dd39321c74273fed0568568ea0e7ea23e02bd1fb10a10b",
                "sha256:4b843f8e1dd6a3195679d9838eb4670222e8b8d01bc36c9894d6c3538316fa0a",
                "sha256:5de53a28f40ef3c4fd57aeab6b590c2c663de87a5af76136ced519923d3efbb3",
                "sha256:61b2b33ede821b94fa99ce0b09c9ece049c7067a33b279f343adfe35108a4ea7",
                "sha256:6a3a9b0f45fd75dc05d8e93dc21b18fc1670135ec9544d1ad4acbcf6b86781d0",
                "sha256:76ad8e4c69dadbb31bad17c16baee61c0d1a4a73bed2590b741b2e1a46d3edd0",
                "sha256:7ba19b777dc00194d1b473180d4ca89a054dd18de27d0ee2e42a103ec9b7d014",
                "sha256:7c1b7eab7a49aa96f3db1f716f0113a8a2e93c7375dd3d5d21c4941f1405c9c5",
                "sha256:7fc0eee3046041387cbace9314926aa48b681202f8897f8bff3809967a049036",
                "sha256:8ccd1c5fff1aa1427100ce188557fc31f1e0a383ad8ec42c559aabd4ff08802d",
                "sha256:8e08dd76de80539d613654915a2f5196dbccc67448df291e69a88712ea21e24a",
                "sha256:c18498c50c59263841862ea0501da9f2b3659c00db54abfbf823a80787fde8ce",
                "sha256:c49db89d602c24928e68c0d510f4fcf8989d77defd01c973d6cbe27e684833b1",
                "sha256:ce20044d0317649ddbb4e54dab3c1bcc7483c78c27d3f58ab3d0c7e6bc60d26a",
                "sha256:d1071414dd06ca2eafa90c85a079169bfeb0e5f57fd0b45d44c092546fcd6fd9",
                "sha256:d3be11ac43ab1a3e979dac80843b42226d5d3cccd3986f2e03152720a4297cd7",
                "sha256:db603a1c235d110c860d5f39988ebc8218ee028f07a7cbc056ba6424372ca31b"
            ],
            "version": "==4.5.2"
        },
        "numpy": {
            "hashes": [
                "sha256:026a3b7c46e01a736bdf27853ce2a4f56a4feb3147ff879dbd463ed4da0a511b",
                "sha256:078efe4fc53079acb4a70f378a1fbf97f22a1f864321788ae1fd9ca4c952bb10",
                "sha256:09d327e93f2b13dfbfd6a7c2534441478896a24e9521f59f1ec64c775eff0066",
                "sha256:0efbe5f61044e7b0ed5583380aca26995c10cd625266f09b2d6ccef243499f2e",
                "sha256:1d94a5649fb8412784d9edda539b266801ee87fc89b812ebf5ec0fdab96444a3",
                "sha256:2a17337e1980e753d4bac3dd4859bc1300e995ddf05fc09828b8d60d932ce4d3",
                "sha256:3dd416deba0e6b734e653961354ac2bee2888c832835304853b14299a8c3169a",
                "sha256:4c725b6557eb043b963a8b4b5da560fec4500b5e2a9c4794adb408de838aeb94",
                "sha256:60dd924257899a44d55a7e548aba2a41c12e5d963b900ec138e0b15f3e6f3ef5",
                "sha256:6e638a8d56af542aebf625efdacdfb555943c08044795ee7550789407f5b905c",
                "sha256:70279fa434b878692c15bdb9b3376765ff63a91d5f1f6e5973eb34b0bddd7aa5",
                "sha256:867ed40b1bebb50f8b060a1b2a76c227a436a7d9fc73bf873dbc8e79862a56af",
                "sha256:9c76c0f114b729606081b0e4c49d2f7887946004872576f51b8bd50461f4110b",
                "sha256:ad0a948011cafe20323944aea7570cea77c3659cf970ee4e94993a75fdf1bf3a",
                "sha256:b53714c56ee9a1f1b46f7558ca1aa005704dba35334ff61288390be01b96b3b0",
                "sha256:bcf57e4694e32d7ebb9402cd3fcd9c4fd913a29f372fbefc8edd675a32262558",
                "sha256:c5db80fc344977d3df5435ded1a8ce05719283aeacaaf60a818a4baf63c756e4",
                "sha256:c953969e4b9a65998be1d7e895613be77bd42d438b54f9ce8c2453616ca8f5c9",
                "sha256:e299aaed551f16c3822e261adc6d5685ad7067536ae6af00e53837b637dc1270",
                "sha256:f735dad0d72598ca0e19f50a0891e83e496288038628addd86c05650fab49181",
                "sha256:f901fa2232562abf9250e4a86d2b50f008b2fe0f9d91bc1ca6a3ffd17c81d2a4",
                "sha256:ff73c826d81442f00b38360e52618d94f811c8db9047546d135c0e56117f3812",
                "sha256:ff9859fffc4a03b196d742fe683684921e3d3819aa97d935b92d573b7ff0bf7b"
            ],
            "version": "==1.16.0rc1"
        },
        "peewee": {
            "hashes": [
                "sha256:bb9ee5e2ca601c82f5e3c8327f19af4b5f9941ae74ec520674165692d3d6ae7a"
            ],
            "index": "pypi",
            "version": "==3.7.0"
        },
        "peewee-async": {
            "hashes": [
                "sha256:51f4935af131febd765c657814db93af4f771fcca6cc3a290b5b27700217656d",
                "sha256:d451f4dcbf3ffbc09c9419ee3071151f539a8f25e9debae35dd3547ef60eff2c"
            ],
            "index": "pypi",
            "version": "==0.6.0a0"
        },
        "peewee-db-evolve": {
            "hashes": [
                "sha256:fbb9cc5054679b27ad6c8da27e6671151b3b6aa4696b0c5807f1429319e2bb8b"
            ],
            "index": "pypi",
            "version": "==3.7.0"
        },
        "pillow": {
            "hashes": [
                "sha256:00203f406818c3f45d47bb8fe7e67d3feddb8dcbbd45a289a1de7dd789226360",
                "sha256:0616f800f348664e694dddb0b0c88d26761dd5e9f34e1ed7b7a7d2da14b40cb7",
                "sha256:1f7908aab90c92ad85af9d2fec5fc79456a89b3adcc26314d2cde0e238bd789e",
                "sha256:2ea3517cd5779843de8a759c2349a3cd8d3893e03ab47053b66d5ec6f8bc4f93",
                "sha256:48a9f0538c91fc136b3a576bee0e7cd174773dc9920b310c21dcb5519722e82c",
                "sha256:5280ebc42641a1283b7b1f2c20e5b936692198b9dd9995527c18b794850be1a8",
                "sha256:5e34e4b5764af65551647f5cc67cf5198c1d05621781d5173b342e5e55bf023b",
                "sha256:63b120421ab85cad909792583f83b6ca3584610c2fe70751e23f606a3c2e87f0",
                "sha256:696b5e0109fe368d0057f484e2e91717b49a03f1e310f857f133a4acec9f91dd",
                "sha256:870ed021a42b1b02b5fe4a739ea735f671a84128c0a666c705db2cb9abd528eb",
                "sha256:916da1c19e4012d06a372127d7140dae894806fad67ef44330e5600d77833581",
                "sha256:9303a289fa0811e1c6abd9ddebfc770556d7c3311cb2b32eff72164ddc49bc64",
                "sha256:9577888ecc0ad7d06c3746afaba339c94d62b59da16f7a5d1cff9e491f23dace",
                "sha256:987e1c94a33c93d9b209315bfda9faa54b8edfce6438a1e93ae866ba20de5956",
                "sha256:99a3bbdbb844f4fb5d6dd59fac836a40749781c1fa63c563bc216c27aef63f60",
                "sha256:99db8dc3097ceafbcff9cb2bff384b974795edeb11d167d391a02c7bfeeb6e16",
                "sha256:a5a96cf49eb580756a44ecf12949e52f211e20bffbf5a95760ac14b1e499cd37",
                "sha256:aa6ca3eb56704cdc0d876fc6047ffd5ee960caad52452fbee0f99908a141a0ae",
                "sha256:aade5e66795c94e4a2b2624affeea8979648d1b0ae3fcee17e74e2c647fc4a8a",
                "sha256:b78905860336c1d292409e3df6ad39cc1f1c7f0964e66844bbc2ebfca434d073",
                "sha256:b92f521cdc4e4a3041cc343625b699f20b0b5f976793fb45681aac1efda565f8",
                "sha256:bfde84bbd6ae5f782206d454b67b7ee8f7f818c29b99fd02bf022fd33bab14cb",
                "sha256:c2b62d3df80e694c0e4a0ed47754c9480521e25642251b3ab1dff050a4e60409",
                "sha256:c5e2be6c263b64f6f7656e23e18a4a9980cffc671442795682e8c4e4f815dd9f",
                "sha256:c99aa3c63104e0818ec566f8ff3942fb7c7a8f35f9912cb63fd8e12318b214b2",
                "sha256:dae06620d3978da346375ebf88b9e2dd7d151335ba668c995aea9ed07af7add4",
                "sha256:db5499d0710823fa4fb88206050d46544e8f0e0136a9a5f5570b026584c8fd74",
                "sha256:f36baafd82119c4a114b9518202f2a983819101dcc14b26e43fc12cbefdce00e",
                "sha256:f52b79c8796d81391ab295b04e520bda6feed54d54931708872e8f9ae9db0ea1",
                "sha256:ff8cff01582fa1a7e533cb97f628531c4014af4b5f38e33cdcfe5eec29b6d888"
            ],
            "index": "pypi",
            "version": "==5.3.0"
        },
        "psycopg2": {
            "hashes": [
                "sha256:10e391687b171878181e71736d0effe3772314a339d9ae30995ec8171a0c834e",
                "sha256:1283f9d45e458c2dcb15ba89367923563f90ef636fe78ee22df75183484a0237",
                "sha256:1a9c32e4d140bea225f9821d993b2e53c913e717ea97b851246aa9b300095d8f",
                "sha256:1be6f2438d2b71fec7b07c3c0949dd321b04349c382907ea76b36120edec8300",
                "sha256:20ca6f29e118b8dd7133e8708b3fba2881e70a4e0841f874ed23985b7201a076",
                "sha256:227c115b3c1f65d61385e51ac690b91b584640aefb45bffacd4bd33d02ed7221",
                "sha256:27959abe64ca1fc6d8cd11a71a1f421d8287831a3262bd4cacd43bbf43cc3c82",
                "sha256:2b2daf1fe30a58300542aea679fd87d1e1c2afd36e7644837b7954fa2dbacb92",
                "sha256:36e51a51f295fdf67bcf05e7b1877011a6b39e6622b0013fe31c5025241873a3",
                "sha256:3992b9b914f2eb77dc07e8045d2ca979e491612808bc5c7cd68f307469acf9f6",
                "sha256:39a11de2335ad45ececed43ab851d36a4c52843d756471b940804f301792781e",
                "sha256:3c2afe9ef0d1649005e3ccf93c1aaccd6f8ee379530e763d3b3b77f406b7c0ae",
                "sha256:3fb18e0e52807fe3a300dc1b5421aa492d5e759550918f597d61863419482535",
                "sha256:55eab94de96ee9702f23283e9c8b03cfdb0001e2b14d5d2e1bd5ff8114b96b9f",
                "sha256:7e95c0ab7e7e6e452586f35d4d8966b1e924c8dd2c23977e3ea4968770ff1d26",
                "sha256:7f47514dbddf604f196fcfe5da955537f04691bef8124aff5632316a78d992b7",
                "sha256:8345370356bb4bddf93acbcfd0357163dd6b09471937adcfb38a2fbb49bdce53",
                "sha256:8bc6ecb220c0b88d3742042013129c817c44459795c97e9ce1bca70a3f37a53b",
                "sha256:8df623f248be15d1725faf5f333791678775047f12f17a90d29b5d22573f5cdc",
                "sha256:9645f1305e4268cc0fc88c823cd6c91de27c003e183c233a6a230e5e963039ee",
                "sha256:a68719ed5be8373dd72c9e45d55f7a202285e05a2e392eaa8872a67ea47d7d20",
                "sha256:aca0edf062ec09e954fdf0cc93d3a872362701210983a1442549e703aedec25d",
                "sha256:b0dd2114d93d8f424bb8ae76e0dc540f104b70ca9163172c05e7700b1459d4c9",
                "sha256:b2c09359d6802279efb9efb3f91a9c94567151baee95175f9b637ea628f35244",
                "sha256:ca7bc37b1efb7cc25271bf10f398462ed975d95259af1406d38fcb268466e34f",
                "sha256:e64235d9013ebf6319cb9654e08f5066112c34d8c4cc41186254ab9c3d6d5b9b",
                "sha256:ec9be679c0065667503851141c31fa699e1cc69ded3ba8e5d3673dd5a6eb1370",
                "sha256:eca00d0f91fcb44d88b12f1fd16ad138e38fa07debb79587e2b7ff1fe80d72b9",
                "sha256:f256e807b8b2b45b6af60d7f2bb5194aab2f4acc861241c4d8ef942a55f5030d",
                "sha256:fce7612a3bd6a7ba95799f88285653bf130bd7ca066b52674d5f850108b2aec0"
            ],
            "version": "==2.7.6.1"
        },
        "psycopg2-binary": {
            "hashes": [
                "sha256:036bcb198a7cc4ce0fe43344f8c2c9a8155aefa411633f426c8c6ed58a6c0426",
                "sha256:1d770fcc02cdf628aebac7404d56b28a7e9ebec8cfc0e63260bd54d6edfa16d4",
                "sha256:1fdc6f369dcf229de6c873522d54336af598b9470ccd5300e2f58ee506f5ca13",
                "sha256:21f9ddc0ff6e07f7d7b6b484eb9da2c03bc9931dd13e36796b111d631f7135a3",
                "sha256:247873cda726f7956f745a3e03158b00de79c4abea8776dc2f611d5ba368d72d",
                "sha256:3aa31c42f29f1da6f4fd41433ad15052d5ff045f2214002e027a321f79d64e2c",
                "sha256:475f694f87dbc619010b26de7d0fc575a4accf503f2200885cc21f526bffe2ad",
                "sha256:4b5e332a24bf6e2fda1f51ca2a57ae1083352293a08eeea1fa1112dc7dd542d1",
                "sha256:570d521660574aca40be7b4d532dfb6f156aad7b16b5ed62d1534f64f1ef72d8",
                "sha256:59072de7def0690dd13112d2bdb453e20570a97297070f876fbbb7cbc1c26b05",
                "sha256:5f0b658989e918ef187f8a08db0420528126f2c7da182a7b9f8bf7f85144d4e4",
                "sha256:649199c84a966917d86cdc2046e03d536763576c0b2a756059ae0b3a9656bc20",
                "sha256:6645fc9b4705ae8fbf1ef7674f416f89ae1559deec810f6dd15197dfa52893da",
                "sha256:6872dd54d4e398d781efe8fe2e2d7eafe4450d61b5c4898aced7610109a6df75",
                "sha256:6ce34fbc251fc0d691c8d131250ba6f42fd2b28ef28558d528ba8c558cb28804",
                "sha256:73920d167a0a4d1006f5f3b9a3efce6f0e5e883a99599d38206d43f27697df00",
                "sha256:8a671732b87ae423e34b51139628123bc0306c2cb85c226e71b28d3d57d7e42a",
                "sha256:8d517e8fda2efebca27c2018e14c90ed7dc3f04d7098b3da2912e62a1a5585fe",
                "sha256:9475a008eb7279e20d400c76471843c321b46acacc7ee3de0b47233a1e3fa2cf",
                "sha256:96947b8cd7b3148fb0e6549fcb31258a736595d6f2a599f8cd450e9a80a14781",
                "sha256:abf229f24daa93f67ac53e2e17c8798a71a01711eb9fcdd029abba8637164338",
                "sha256:b1ab012f276df584beb74f81acb63905762c25803ece647016613c3d6ad4e432",
                "sha256:b22b33f6f0071fe57cb4e9158f353c88d41e739a3ec0d76f7b704539e7076427",
                "sha256:b3b2d53274858e50ad2ffdd6d97ce1d014e1e530f82ec8b307edd5d4c921badf",
                "sha256:bab26a729befc7b9fab9ded1bba9c51b785188b79f8a2796ba03e7e734269e2e",
                "sha256:daa1a593629aa49f506eddc9d23dc7f89b35693b90e1fbcd4480182d1203ea90",
                "sha256:dd111280ce40e89fd17b19c1269fd1b74a30fce9d44a550840e86edb33924eb8",
                "sha256:e0b86084f1e2e78c451994410de756deba206884d6bed68d5a3d7f39ff5fea1d",
                "sha256:eb86520753560a7e89639500e2a254bb6f683342af598088cb72c73edcad21e6",
                "sha256:ff18c5c40a38d41811c23e2480615425c97ea81fd7e9118b8b899c512d97c737"
            ],
            "index": "pypi",
            "version": "==2.7.6.1"
        },
        "py-bcrypt": {
            "hashes": [
                "sha256:5fa13bce551468350d66c4883694850570f3da28d6866bb638ba44fe5eabda78"
            ],
            "index": "pypi",
            "version": "==0.4"
        },
        "pycrypto": {
            "hashes": [
                "sha256:f2ce1e989b272cfcb677616763e0a2e7ec659effa67a88aa92b3a65528f60a3c"
            ],
            "index": "pypi",
            "version": "==2.6.1"
        },
        "python-magic": {
            "hashes": [
                "sha256:f2674dcfad52ae6c49d4803fa027809540b130db1dec928cfbb9240316831375",
                "sha256:f3765c0f582d2dfc72c15f3b5a82aecfae9498bd29ca840d72f37d7bd38bfcd5"
            ],
            "index": "pypi",
            "version": "==0.4.15"
        },
        "pyyaml": {
            "hashes": [
                "sha256:254bf6fda2b7c651837acb2c718e213df29d531eebf00edb54743d10bcb694eb",
                "sha256:3108529b78577327d15eec243f0ff348a0640b0c3478d67ad7f5648f93bac3e2",
                "sha256:3c17fb92c8ba2f525e4b5f7941d850e7a48c3a59b32d331e2502a3cdc6648e76",
                "sha256:8d6d96001aa7f0a6a4a95e8143225b5d06e41b1131044913fecb8f85a125714b",
                "sha256:c8a88edd93ee29ede719080b2be6cb2333dfee1dccba213b422a9c8e97f2967b"
            ],
            "index": "pypi",
            "version": "==4.2b4"
        },
        "redis": {
            "hashes": [
                "sha256:2100750629beff143b6a200a2ea8e719fcf26420adabb81402895e144c5083cf",
                "sha256:8e0bdd2de02e829b6225b25646f9fb9daffea99a252610d040409a6738541f0a"
            ],
            "index": "pypi",
            "version": "==3.0.1"
        },
        "requests": {
            "hashes": [
                "sha256:502a824f31acdacb3a35b6690b5fbf0bc41d63a24a45c4004352b0242707598e",
                "sha256:7bf2a778576d825600030a110f3c0e3e8edc51dfaafe1c146e39a2027784957b"
            ],
            "index": "pypi",
            "version": "==2.21.0"
        },
        "rethinkdb": {
            "hashes": [
                "sha256:b5354ecd896b59065693e4139c067f401c9f57970268e9b93f83d869709d1c17"
            ],
            "version": "==2.3.0.post6"
        },
        "six": {
            "hashes": [
                "sha256:3350809f0555b11f552448330d0b52d5f24c91a322ea4a15ef22629740f3761c",
                "sha256:d16a0141ec1a18405cd4ce8b4613101da75da0e9a7aec5bdd4fa804d0e0eba73"
            ],
            "index": "pypi",
            "version": "==1.12.0"
        },
        "tornado": {
            "hashes": [
                "sha256:0662d28b1ca9f67108c7e3b77afabfb9c7e87bde174fbda78186ecedc2499a9d",
                "sha256:4e5158d97583502a7e2739951553cbd88a72076f152b4b11b64b9a10c4c49409",
                "sha256:732e836008c708de2e89a31cb2fa6c0e5a70cb60492bee6f1ea1047500feaf7f",
                "sha256:8154ec22c450df4e06b35f131adc4f2f3a12ec85981a203301d310abf580500f",
                "sha256:8e9d728c4579682e837c92fdd98036bd5cdefa1da2aaf6acf26947e6dd0c01c5",
                "sha256:d4b3e5329f572f055b587efc57d29bd051589fb5a43ec8898c77a47ec2fa2bbb",
                "sha256:e5f2585afccbff22390cddac29849df463b252b711aa2ce7c5f3f342a5b3b444"
            ],
            "index": "pypi",
            "version": "==5.1.1"
        },
        "tornado-uvloop": {
            "hashes": [
                "sha256:0ec28b5862d07affbbae90814ebbeebd9aa4399ab9b727cfe3ad130b942230dc"
            ],
            "index": "pypi",
            "version": "==0.1.6"
        },
        "tqdm": {
            "hashes": [
                "sha256:3c4d4a5a41ef162dd61f1edb86b0e1c7859054ab656b2e7c7b77e7fbf6d9f392",
                "sha256:5b4d5549984503050883bc126280b386f5f4ca87e6c023c5d015655ad75bdebb"
            ],
            "version": "==4.28.1"
        },
        "typing-extensions": {
            "hashes": [
                "sha256:2a6c6e78e291a4b6cbd0bbfd30edc0baaa366de962129506ec8fe06bdec66457",
                "sha256:51e7b7f3dcabf9ad22eed61490f3b8d23d9922af400fe6656cb08e66656b701f",
                "sha256:55401f6ed58ade5638eb566615c150ba13624e2f0c1eedd080fc3c1b6cb76f1d"
            ],
            "markers": "python_version < '3.7'",
            "version": "==3.6.6"
        },
        "urllib3": {
            "hashes": [
                "sha256:61bf29cada3fc2fbefad4fdf059ea4bd1b4a86d2b6d15e1c7c0b582b9752fe39",
                "sha256:de9529817c93f27c8ccbfead6985011db27bd0ddfcdb2d86f3f663385c6a9c22"
            ],
            "version": "==1.24.1"
        },
        "uvloop": {
            "hashes": [
                "sha256:0e4ed2bd0e207bc284c3dfe3aafc9e9c96184f78a0f4881f8d5f9ed82eb08ef4",
                "sha256:145931364fa88c9be5e7960729678677ea8d205ceebff3fbf0751e3463907f10",
                "sha256:347785a64715f5aa361e01d9414be78c61218fc96fe137d554831c555c3bfe15",
                "sha256:40b11baef9d36d92a786ab87c59164df8ca49945b0eb6bfcbdd3985c86864d39",
                "sha256:63b6d876f5b7c1f1e1a31b950bb6eabab9b2490c0ba6df06ecaa86c7dac2dbe6",
                "sha256:85a63f5b485c756b0390800579b4f22cb3a279795bf52e7698942980fb993793",
                "sha256:85ce7aed6481f078c4157e7049bc02b13abdaa3f1adc814e234b6262fab3c808",
                "sha256:975a0b29dfd378493b8be47a0599ea9f284ca9e39b4532ab280beaf7cf50d00f",
                "sha256:dfe83e6bb90892b0c2440b8e425f83b31c9f23195dd189bd59b2fb3fb12a7080",
                "sha256:ea97302d8fa9d7b6fb1dd079774edcc581ebd8561e5ea71e1fd95c803904d38a"
            ],
            "version": "==0.12.0rc1"
        },
        "yarl": {
            "hashes": [
                "sha256:024ecdc12bc02b321bc66b41327f930d1c2c543fa9a561b39861da9388ba7aa9",
                "sha256:2f3010703295fbe1aec51023740871e64bb9664c789cba5a6bdf404e93f7568f",
                "sha256:3890ab952d508523ef4881457c4099056546593fa05e93da84c7250516e632eb",
                "sha256:3e2724eb9af5dc41648e5bb304fcf4891adc33258c6e14e2a7414ea32541e320",
                "sha256:5badb97dd0abf26623a9982cd448ff12cb39b8e4c94032ccdedf22ce01a64842",
                "sha256:73f447d11b530d860ca1e6b582f947688286ad16ca42256413083d13f260b7a0",
                "sha256:7ab825726f2940c16d92aaec7d204cfc34ac26c0040da727cf8ba87255a33829",
                "sha256:b25de84a8c20540531526dfbb0e2d2b648c13fd5dd126728c496d7c3fea33310",
                "sha256:c6e341f5a6562af74ba55205dbd56d248daf1b5748ec48a0200ba227bb9e33f4",
                "sha256:c9bb7c249c4432cd47e75af3864bc02d26c9594f49c82e2a28624417f0ae63b8",
                "sha256:e060906c0c585565c718d1c3841747b61c5439af2211e185f6739a9412dfbde1"
            ],
            "version": "==1.3.0"
        }
    },
    "develop": {}
}
